{
  "name": "dhf-skills",
  "version": "1.0.0",
  "lockfileVersion": 3,
  "requires": true,
  "packages": {
    "": {
      "name": "dhf-skills",
      "version": "1.0.0",
      "license": "MIT",
      "workspaces": [
        "skills/*"
      ],
      "devDependencies": {
        "@types/bun": "latest",
        "typescript": "^5.0.0"
      }
    },
    "node_modules/@dhf-skills/bing-search-task": {
      "resolved": "skills/bing-search-task",
      "link": true
    },
    "node_modules/@dhf-skills/chatgpt-ai-task": {
      "resolved": "skills/chatgpt-ai-task",
      "link": true
    },
    "node_modules/@dhf-skills/claude-ai-task": {
      "resolved": "skills/claude-ai-task",
      "link": true
    },
    "node_modules/@dhf-skills/deepseek-ai-task": {
      "resolved": "skills/deepseek-ai-task",
      "link": true
    },
    "node_modules/@dhf-skills/duckduckgo-search-task": {
      "resolved": "skills/duckduckgo-search-task",
      "link": true
    },
    "node_modules/@dhf-skills/gemini-ai-task": {
      "resolved": "skills/gemini-ai-task",
      "link": true
    },
    "node_modules/@dhf-skills/google-search-task": {
      "resolved": "skills/google-search-task",
      "link": true
    },
    "node_modules/@dhf-skills/kimi-ai-task": {
      "resolved": "skills/kimi-ai-task",
      "link": true
    },
    "node_modules/@dhf-skills/naver-search-task": {
      "resolved": "skills/naver-search-task",
      "link": true
    },
    "node_modules/@dhf-skills/qwen-ai-task": {
      "resolved": "skills/qwen-ai-task",
      "link": true
    },
    "node_modules/@dhf-skills/sogou-wechat-search-task": {
      "resolved": "skills/sogou-wechat-search-task",
      "link": true
    },
    "node_modules/@dhf-skills/yahoo-japan-search-task": {
      "resolved": "skills/yahoo-japan-search-task",
      "link": true
    },
    "node_modules/@oven/bun-darwin-aarch64": {
      "version": "1.3.12",
      "resolved": "https://registry.npmmirror.com/@oven/bun-darwin-aarch64/-/bun-darwin-aarch64-1.3.12.tgz",
      "integrity": "sha512-b6CQgT28Jx7uDwMTcGo7WFqUd1+wWTdp8XyPi/4LRcL/R4deKT7cLx/Q2ZCWAiK6ZU7yexoCaIaKun6azjRLVA==",
      "cpu": [
        "arm64"
      ],
      "license": "MIT",
      "optional": true,
      "os": [
        "darwin"
      ],
      "peer": true
    },
    "node_modules/@oven/bun-darwin-x64": {
      "version": "1.3.12",
      "resolved": "https://registry.npmmirror.com/@oven/bun-darwin-x64/-/bun-darwin-x64-1.3.12.tgz",
      "integrity": "sha512-//6W21c+GinAMMmxD2hFrFmJH+ZlEwJYbLzAGqp0mLFTli9y74RMtDgI2n9pCupXSpU1Kr1sSylVW9yNbAG9Xg==",
      "cpu": [
        "x64"
      ],
      "license": "MIT",
      "optional": true,
      "os": [
        "darwin"
      ],
      "peer": true
    },
    "node_modules/@oven/bun-darwin-x64-baseline": {
      "version": "1.3.12",
      "resolved": "https://registry.npmmirror.com/@oven/bun-darwin-x64-baseline/-/bun-darwin-x64-baseline-1.3.12.tgz",
      "integrity": "sha512-9jKJNOc9ID3BxPBPR4r1Mp1Wqde89Twi5zo2LoEMLMKbqpvEM/WUGdJ0Vv7OX1QPEqVblFO6NMky5yY7rjDI2w==",
      "cpu": [
        "x64"
      ],
      "license": "MIT",
      "optional": true,
      "os": [
        "darwin"
      ],
      "peer": true
    },
    "node_modules/@oven/bun-linux-aarch64": {
      "version": "1.3.12",
      "resolved": "https://registry.npmmirror.com/@oven/bun-linux-aarch64/-/bun-linux-aarch64-1.3.12.tgz",
      "integrity": "sha512-eTru6tk3K4Ya3SSkUqq/LbdEjwPqLlfINmIhRORrCExBdB1tQbk+WYYflaymO61fkrjnMAjmLTGqk/K37RMIGA==",
      "cpu": [
        "arm64"
      ],
      "license": "MIT",
      "optional": true,
      "os": [
        "linux"
      ],
      "peer": true
    },
    "node_modules/@oven/bun-linux-aarch64-musl": {
      "version": "1.3.12",
      "resolved": "https://registry.npmmirror.com/@oven/bun-linux-aarch64-musl/-/bun-linux-aarch64-musl-1.3.12.tgz",
      "integrity": "sha512-HWIwFzm5fALd9Lli0CgaKb6xOGqODYyHpUTgkn/IHHuS/f3XDCu71+GgkyvfgCYbPoBSgBOfp5TzhRehPcgxow==",
      "cpu": [
        "arm64"
      ],
      "license": "MIT",
      "optional": true,
      "os": [
        "linux"
      ],
      "peer": true
    },
    "node_modules/@oven/bun-linux-x64": {
      "version": "1.3.12",
      "resolved": "https://registry.npmmirror.com/@oven/bun-linux-x64/-/bun-linux-x64-1.3.12.tgz",
      "integrity": "sha512-H75bcEn46lMDxd+P+R6Q/jlIKl/YO0ZXaalSyWhQHr7qNmFhQt3rOHurFoCxuwQeqFoToh0JpWVyMVzByZqgBQ==",
      "cpu": [
        "x64"
      ],
      "license": "MIT",
      "optional": true,
      "os": [
        "linux"
      ],
      "peer": true
    },
    "node_modules/@oven/bun-linux-x64-baseline": {
      "version": "1.3.12",
      "resolved": "https://registry.npmmirror.com/@oven/bun-linux-x64-baseline/-/bun-linux-x64-baseline-1.3.12.tgz",
      "integrity": "sha512-0y+lUiQsPvSGsyM/10KtxhVAQ20p6/D+vj01l6vo9gHpYUpyc1L9pSgaPa7SC9TuaiGASlM3Cb62bmSKW0E/3Q==",
      "cpu": [
        "x64"
      ],
      "license": "MIT",
      "optional": true,
      "os": [
        "linux"
      ],
      "peer": true
    },
    "node_modules/@oven/bun-linux-x64-musl": {
      "version": "1.3.12",
      "resolved": "https://registry.npmmirror.com/@oven/bun-linux-x64-musl/-/bun-linux-x64-musl-1.3.12.tgz",
      "integrity": "sha512-Zb7T3JxWlArSe44ATO5mtjLCBCt7kenWPl9CYD+zeqq9kHswMv8Cd3h/9uzdv2PA4Flrq57J5XBSuRdStTCXCw==",
      "cpu": [
        "x64"
      ],
      "license": "MIT",
      "optional": true,
      "os": [
        "linux"
      ],
      "peer": true
    },
    "node_modules/@oven/bun-linux-x64-musl-baseline": {
      "version": "1.3.12",
      "resolved": "https://registry.npmmirror.com/@oven/bun-linux-x64-musl-baseline/-/bun-linux-x64-musl-baseline-1.3.12.tgz",
      "integrity": "sha512-jdsnuFD3H0l4AHtf1nInRHYWIMTWqok0aW8WysjzN5Isn6rBTBGK/ZWX6XjdTgDgcuVbVOYHiLUHHrvT9N6psA==",
      "cpu": [
        "x64"
      ],
      "license": "MIT",
      "optional": true,
      "os": [
        "linux"
      ],
      "peer": true
    },
    "node_modules/@oven/bun-windows-aarch64": {
      "version": "1.3.12",
      "resolved": "https://registry.npmmirror.com/@oven/bun-windows-aarch64/-/bun-windows-aarch64-1.3.12.tgz",
      "integrity": "sha512-Oq0FIcCgL3JWf/4qRuxI5fxsOGyWJ1j904PDx/1TxxSCWWAu0Hh2o8ck4TcaPVv/3BMc1k6UxqQQKBrdP7a+qQ==",
      "cpu": [
        "arm64"
      ],
      "license": "MIT",
      "optional": true,
      "os": [
        "win32"
      ],
      "peer": true
    },
    "node_modules/@oven/bun-windows-x64": {
      "version": "1.3.12",
      "resolved": "https://registry.npmmirror.com/@oven/bun-windows-x64/-/bun-windows-x64-1.3.12.tgz",
      "integrity": "sha512-veSntY7pDLDh4XmxZMwTqxfoEVp0BDdeqCBoWL46/TigtniPtDFSTIWBxa6l/RcGzklUA/uqLqmsK/9cBZAm8Q==",
      "cpu": [
        "x64"
      ],
      "license": "MIT",
      "optional": true,
      "os": [
        "win32"
      ],
      "peer": true
    },
    "node_modules/@oven/bun-windows-x64-baseline": {
      "version": "1.3.12",
      "resolved": "https://registry.npmmirror.com/@oven/bun-windows-x64-baseline/-/bun-windows-x64-baseline-1.3.12.tgz",
      "integrity": "sha512-rV21md7QWnu3r/shev7IFMh6hX8BJHwofxESAofUT4yH866oCIbcNbzp6+fxrj4oGD8uisP6WoaTCboijv9yYg==",
      "cpu": [
        "x64"
      ],
      "license": "MIT",
      "optional": true,
      "os": [
        "win32"
      ],
      "peer": true
    },
    "node_modules/@types/bun": {
      "version": "1.3.12",
      "resolved": "https://registry.npmmirror.com/@types/bun/-/bun-1.3.12.tgz",
      "integrity": "sha512-DBv81elK+/VSwXHDlnH3Qduw+KxkTIWi7TXkAeh24zpi5l0B2kUg9Ga3tb4nJaPcOFswflgi/yAvMVBPrxMB+A==",
      "dev": true,
      "license": "MIT",
      "dependencies": {
        "bun-types": "1.3.12"
      }
    },
    "node_modules/@types/node": {
      "version": "25.6.0",
      "resolved": "https://registry.npmmirror.com/@types/node/-/node-25.6.0.tgz",
      "integrity": "sha512-+qIYRKdNYJwY3vRCZMdJbPLJAtGjQBudzZzdzwQYkEPQd+PJGixUL5QfvCLDaULoLv+RhT3LDkwEfKaAkgSmNQ==",
      "dev": true,
      "license": "MIT",
      "dependencies": {
        "undici-types": "~7.19.0"
      }
    },
    "node_modules/bun": {
      "version": "1.3.12",
      "resolved": "https://registry.npmmirror.com/bun/-/bun-1.3.12.tgz",
      "integrity": "sha512-KLwDUqs5WIny/94F4xZ4QfaAE6YWyjR+s79pt/ItQhk2CG+PJQ5xL6VuOWhiyN2eP3fryZK95vog9CTLCaYV2Q==",
      "cpu": [
        "arm64",
        "x64"
      ],
      "hasInstallScript": true,
      "license": "MIT",
      "os": [
        "darwin",
        "linux",
        "win32"
      ],
      "peer": true,
      "bin": {
        "bun": "bin/bun.exe",
        "bunx": "bin/bunx.exe"
      },
      "optionalDependencies": {
        "@oven/bun-darwin-aarch64": "1.3.12",
        "@oven/bun-darwin-x64": "1.3.12",
        "@oven/bun-darwin-x64-baseline": "1.3.12",
        "@oven/bun-linux-aarch64": "1.3.12",
        "@oven/bun-linux-aarch64-musl": "1.3.12",
        "@oven/bun-linux-x64": "1.3.12",
        "@oven/bun-linux-x64-baseline": "1.3.12",
        "@oven/bun-linux-x64-musl": "1.3.12",
        "@oven/bun-linux-x64-musl-baseline": "1.3.12",
        "@oven/bun-windows-aarch64": "1.3.12",
        "@oven/bun-windows-x64": "1.3.12",
        "@oven/bun-windows-x64-baseline": "1.3.12"
      }
    },
    "node_modules/bun-types": {
      "version": "1.3.12",
      "resolved": "https://registry.npmmirror.com/bun-types/-/bun-types-1.3.12.tgz",
      "integrity": "sha512-HqOLj5PoFajAQciOMRiIZGNoKxDJSr6qigAttOX40vJuSp6DN/CxWp9s3C1Xwm4oH7ybueITwiaOcWXoYVoRkA==",
      "dev": true,
      "license": "MIT",
      "dependencies": {
        "@types/node": "*"
      }
    },
    "node_modules/typescript": {
      "version": "5.9.3",
      "resolved": "https://registry.npmmirror.com/typescript/-/typescript-5.9.3.tgz",
      "integrity": "sha512-jl1vZzPDinLr9eUt3J/t7V6FgNEw9QjvBPdysz9KfQDD41fQrC2Y4vKQdiaUpFT4bXlb1RHhLpp8wtm6M5TgSw==",
      "dev": true,
      "license": "Apache-2.0",
      "bin": {
        "tsc": "bin/tsc",
        "tsserver": "bin/tsserver"
      },
      "engines": {
        "node": ">=14.17"
      }
    },
    "node_modules/undici-types": {
      "version": "7.19.2",
      "resolved": "https://registry.npmmirror.com/undici-types/-/undici-types-7.19.2.tgz",
      "integrity": "sha512-qYVnV5OEm2AW8cJMCpdV20CDyaN3g0AjDlOGf1OW4iaDEx8MwdtChUp4zu4H0VP3nDRF/8RKWH+IPp9uW0YGZg==",
      "dev": true,
      "license": "MIT"
    },
    "skills/bing-search-task": {
      "name": "@dhf-skills/bing-search-task",
      "version": "1.0.0",
      "license": "MIT",
      "bin": {
        "bing-search-task": "scripts/main.ts"
      },
      "peerDependencies": {
        "bun": ">=1.0.0"
      }
    },
    "skills/chatgpt-ai-task": {
      "name": "@dhf-skills/chatgpt-ai-task",
      "version": "1.0.0",
      "license": "MIT",
      "bin": {
        "chatgpt-ai-task": "scripts/main.ts"
      },
      "peerDependencies": {
        "bun": ">=1.0.0"
      }
    },
    "skills/claude-ai-task": {
      "name": "@dhf-skills/claude-ai-task",
      "version": "1.0.0",
      "license": "MIT",
      "bin": {
        "claude-ai-task": "scripts/main.ts"
      },
      "peerDependencies": {
        "bun": ">=1.0.0"
      }
    },
    "skills/deepseek-ai-task": {
      "name": "@dhf-skills/deepseek-ai-task",
      "version": "1.0.0",
      "license": "MIT",
      "bin": {
        "deepseek-ai-task": "scripts/main.ts"
      },
      "peerDependencies": {
        "bun": ">=1.0.0"
      }
    },
    "skills/duckduckgo-search-task": {
      "name": "@dhf-skills/duckduckgo-search-task",
      "version": "1.0.0",
      "license": "MIT",
      "bin": {
        "duckduckgo-search-task": "scripts/main.ts"
      },
      "peerDependencies": {
        "bun": ">=1.0.0"
      }
    },
    "skills/gemini-ai-task": {
      "name": "@dhf-skills/gemini-ai-task",
      "version": "1.0.0",
      "license": "MIT",
      "bin": {
        "gemini-ai-task": "scripts/main.ts"
      },
      "peerDependencies": {
        "bun": ">=1.0.0"
      }
    },
    "skills/google-search-task": {
      "name": "@dhf-skills/google-search-task",
      "version": "1.0.0",
      "license": "MIT",
      "bin": {
        "google-search-task": "scripts/main.ts"
      },
      "peerDependencies": {
        "bun": ">=1.0.0"
      }
    },
    "skills/kimi-ai-task": {
      "name": "@dhf-skills/kimi-ai-task",
      "version": "1.0.0",
      "license": "MIT",
      "bin": {
        "kimi-ai-task": "scripts/main.ts"
      },
      "peerDependencies": {
        "bun": ">=1.0.0"
      }
    },
    "skills/naver-search-task": {
      "name": "@dhf-skills/naver-search-task",
      "version": "1.0.0",
      "license": "MIT",
      "bin": {
        "naver-search-task": "scripts/main.ts"
      },
      "peerDependencies": {
        "bun": ">=1.0.0"
      }
    },
    "skills/qwen-ai-task": {
      "name": "@dhf-skills/qwen-ai-task",
      "version": "1.0.0",
      "license": "MIT",
      "bin": {
        "qwen-ai-task": "scripts/main.ts"
      },
      "peerDependencies": {
        "bun": ">=1.0.0"
      }
    },
    "skills/sogou-wechat-search-task": {
      "name": "@dhf-skills/sogou-wechat-search-task",
      "version": "1.0.0",
      "license": "MIT",
      "bin": {
        "sogou-wechat-search-task": "scripts/main.ts"
      },
      "peerDependencies": {
        "bun": ">=1.0.0"
      }
    },
    "skills/yahoo-japan-search-task": {
      "name": "@dhf-skills/yahoo-japan-search-task",
      "version": "1.0.0",
      "license": "MIT",
      "bin": {
        "yahoo-japan-search-task": "scripts/main.ts"
      },
      "peerDependencies": {
        "bun": ">=1.0.0"
      }
    }
  }
}
